
Microsoft Visual Studio Solution File, Format Version 12.00
# Visual Studio 15
Project("{FAE04EC0-301F-11D3-BF4B-00C04F79EFBC}") = "Assembly-CSharp", "Assembly-CSharp.csproj", "{164D6B4C-4AD9-DF43-A48D-22841B9AA634}"
EndProject
Global
	GlobalSection(SolutionConfigurationPlatforms) = preSolution
		Debug|Any CPU = Debug|Any CPU
		Release|Any CPU = Release|Any CPU
	EndGlobalSection
	GlobalSection(ProjectConfigurationPlatforms) = postSolution
		{164D6B4C-4AD9-DF43-A48D-22841B9AA634}.Debug|Any CPU.ActiveCfg = Debug|Any CPU
		{164D6B4C-4AD9-DF43-A48D-22841B9AA634}.Debug|Any CPU.Build.0 = Debug|Any CPU
		{164D6B4C-4AD9-DF43-A48D-22841B9AA634}.Release|Any CPU.ActiveCfg = Release|Any CPU
		{164D6B4C-4AD9-DF43-A48D-22841B9AA634}.Release|Any CPU.Build.0 = Release|Any CPU
	EndGlobalSection
	GlobalSection(SolutionProperties) = preSolution
		HideSolutionNode = FALSE
	EndGlobalSection
EndGlobal
